
Microsoft Visual Studio Solution File, Format Version 12.00
# Visual Studio Version 17
VisualStudioVersion = 17.2.32616.157
MinimumVisualStudioVersion = 10.0.40219.1
Project("{FAE04EC0-301F-11D3-BF4B-00C04F79EFBC}") = "YamlConfiguration", "YamlConfiguration\YamlConfiguration.csproj", "{C7F28A6E-41D9-477C-88AE-B85A0E6C2621}"
EndProject
Global
	GlobalSection(SolutionConfigurationPlatforms) = preSolution
		Debug|Any CPU = Debug|Any CPU
		Release|Any CPU = Release|Any CPU
	EndGlobalSection
	GlobalSection(ProjectConfigurationPlatforms) = postSolution
		{C7F28A6E-41D9-477C-88AE-B85A0E6C2621}.Debug|Any CPU.ActiveCfg = Debug|Any CPU
		{C7F28A6E-41D9-477C-88AE-B85A0E6C2621}.Debug|Any CPU.Build.0 = Debug|Any CPU
		{C7F28A6E-41D9-477C-88AE-B85A0E6C2621}.Release|Any CPU.ActiveCfg = Release|Any CPU
		{C7F28A6E-41D9-477C-88AE-B85A0E6C2621}.Release|Any CPU.Build.0 = Release|Any CPU
	EndGlobalSection
	GlobalSection(SolutionProperties) = preSolution
		HideSolutionNode = FALSE
	EndGlobalSection
	GlobalSection(ExtensibilityGlobals) = postSolution
		SolutionGuid = {F9135012-102A-4C6C-92B7-E1D07FE599A5}
	EndGlobalSection
EndGlobal
